{
  "name": "devmail-server",
  "version": "0.1.6",
  "lockfileVersion": 3,
  "requires": true,
  "packages": {
    "": {
      "name": "devmail-server",
      "version": "0.1.6",
      "license": "MIT",
      "workspaces": [
        "server/*",
        "app/*"
      ],
      "bin": {
        "devmail-server": "server/dist/index.js"
      },
      "engines": {
        "node": ">=22.0.0"
      }
    }
  }
}
